
Microsoft Visual Studio Solution File, Format Version 12.00
# Visual Studio Version 16
VisualStudioVersion = 16.0.30717.126
MinimumVisualStudioVersion = 10.0.40219.1
Project("{9A19103F-16F7-4668-BE54-9A1E7A4F7556}") = "Identity", "Identity\Identity.csproj", "{68B8DA41-550A-49D7-A027-2B1E77EA3D20}"
EndProject
Project("{9A19103F-16F7-4668-BE54-9A1E7A4F7556}") = "Catalog", "Catalog\Catalog.csproj", "{D4DF2018-FF1C-4BB3-9257-CB565B3CFDF7}"
EndProject
Project("{9A19103F-16F7-4668-BE54-9A1E7A4F7556}") = "Basket", "Basket\Basket.csproj", "{ED8DB88A-46EE-41E5-A536-CCE6E3688831}"
EndProject
Project("{9A19103F-16F7-4668-BE54-9A1E7A4F7556}") = "Ordering", "Ordering\Ordering.csproj", "{EFEAB38C-143D-4F5B-92E3-5155F2F0B637}"
EndProject
Global
	GlobalSection(SolutionConfigurationPlatforms) = preSolution
		Debug|Any CPU = Debug|Any CPU
		Release|Any CPU = Release|Any CPU
	EndGlobalSection
	GlobalSection(ProjectConfigurationPlatforms) = postSolution
		{68B8DA41-550A-49D7-A027-2B1E77EA3D20}.Debug|Any CPU.ActiveCfg = Debug|Any CPU
		{68B8DA41-550A-49D7-A027-2B1E77EA3D20}.Debug|Any CPU.Build.0 = Debug|Any CPU
		{68B8DA41-550A-49D7-A027-2B1E77EA3D20}.Release|Any CPU.ActiveCfg = Release|Any CPU
		{68B8DA41-550A-49D7-A027-2B1E77EA3D20}.Release|Any CPU.Build.0 = Release|Any CPU
		{D4DF2018-FF1C-4BB3-9257-CB565B3CFDF7}.Debug|Any CPU.ActiveCfg = Debug|Any CPU
		{D4DF2018-FF1C-4BB3-9257-CB565B3CFDF7}.Debug|Any CPU.Build.0 = Debug|Any CPU
		{D4DF2018-FF1C-4BB3-9257-CB565B3CFDF7}.Release|Any CPU.ActiveCfg = Release|Any CPU
		{D4DF2018-FF1C-4BB3-9257-CB565B3CFDF7}.Release|Any CPU.Build.0 = Release|Any CPU
		{ED8DB88A-46EE-41E5-A536-CCE6E3688831}.Debug|Any CPU.ActiveCfg = Debug|Any CPU
		{ED8DB88A-46EE-41E5-A536-CCE6E3688831}.Debug|Any CPU.Build.0 = Debug|Any CPU
		{ED8DB88A-46EE-41E5-A536-CCE6E3688831}.Release|Any CPU.ActiveCfg = Release|Any CPU
		{ED8DB88A-46EE-41E5-A536-CCE6E3688831}.Release|Any CPU.Build.0 = Release|Any CPU
		{EFEAB38C-143D-4F5B-92E3-5155F2F0B637}.Debug|Any CPU.ActiveCfg = Debug|Any CPU
		{EFEAB38C-143D-4F5B-92E3-5155F2F0B637}.Debug|Any CPU.Build.0 = Debug|Any CPU
		{EFEAB38C-143D-4F5B-92E3-5155F2F0B637}.Release|Any CPU.ActiveCfg = Release|Any CPU
		{EFEAB38C-143D-4F5B-92E3-5155F2F0B637}.Release|Any CPU.Build.0 = Release|Any CPU
	EndGlobalSection
	GlobalSection(SolutionProperties) = preSolution
		HideSolutionNode = FALSE
	EndGlobalSection
	GlobalSection(ExtensibilityGlobals) = postSolution
		SolutionGuid = {9653EBD3-FCC1-4D28-B11D-E5C74B79F694}
	EndGlobalSection
EndGlobal
